# This file is automatically @generated by Cargo.
# It is not intended for manual editing.
version = 4

[[package]]
name = "petal-ast"
version = "0.1.0"
dependencies = [
 "petal-diagnostic",
 "petal-lexer",
 "petal-span",
]

[[package]]
name = "petal-cli"
version = "0.1.0"
dependencies = [
 "petal-ast",
 "petal-diagnostic",
 "petal-lexer",
]

[[package]]
name = "petal-diagnostic"
version = "0.1.0"
dependencies = [
 "petal-span",
]

[[package]]
name = "petal-lexer"
version = "0.1.0"
dependencies = [
 "petal-span",
]

[[package]]
name = "petal-span"
version = "0.1.0"
